{
  "nodes": {
    "flake-utils": {
      "locked": {
        "lastModified": 1659877975,
        "narHash": "sha256-zllb8aq3YO3h8B/U0/J1WBgAL8EX5yWf5pMj3G0NAmc=",
        "owner": "numtide",
        "repo": "flake-utils",
        "rev": "c0e246b9b83f637f4681389ecabcb2681b4f3af0",
        "type": "github"
      },
      "original": {
        "owner": "numtide",
        "repo": "flake-utils",
        "type": "github"
      }
    },
    "md-mermaid-repo": {
      "flake": false,
      "locked": {
        "lastModified": 1645912413,
        "narHash": "sha256-ZVIG5mD155zH9KEUmPNED91AgyXjdN7zUd+ZPI20zf4=",
        "owner": "obsidian-html",
        "repo": "md_mermaid",
        "rev": "22c4d600da25397205471706abc9011e142d5f53",
        "type": "github"
      },
      "original": {
        "owner": "obsidian-html",
        "repo": "md_mermaid",
        "type": "github"
      }
    },
    "nixpkgs": {
      "locked": {
        "lastModified": 1663259453,
        "narHash": "sha256-sVA0Rer4L46i1tLj+PR7UXGywjySM8KeNH1ORXMCgXc=",
        "path": "/nix/store/z4f58l15qisyj9dabg6ykyw9mwkxd626-source",
        "type": "path"
      },
      "original": {
        "id": "nixpkgs",
        "type": "indirect"
      }
    },
    "root": {
      "inputs": {
        "flake-utils": "flake-utils",
        "md-mermaid-repo": "md-mermaid-repo",
        "nixpkgs": "nixpkgs"
      }
    }
  },
  "root": "root",
  "version": 7
}
